{
  "requires": true,
  "lockfileVersion": 1,
  "dependencies": {
    "blob-polyfill": {
      "version": "4.0.20190430",
      "resolved": "https://registry.npmjs.org/blob-polyfill/-/blob-polyfill-4.0.20190430.tgz",
      "integrity": "sha512-REie9DM5XvHcqa9tuVT1QverzNpPbuRGffFGfwtHhZLHoToiAFP2YxHqVTQvET+UYnjRttGnlWag0+i3YgPKtw=="
    },
    "commander": {
      "version": "2.20.3",
      "resolved": "https://registry.npmjs.org/commander/-/commander-2.20.3.tgz",
      "integrity": "sha512-GpVkmM8vF2vQUkj2LvZmD35JxeJOLCwJ9cUkugyk2nuhbv3+mJvpLYYt+0+USMxE+oj+ey/lJEnhZw75x/OMcQ=="
    },
    "cross-blob": {
      "version": "1.2.0",
      "resolved": "https://registry.npmjs.org/cross-blob/-/cross-blob-1.2.0.tgz",
      "integrity": "sha512-34Hn7h8NhHJnKh5yztq2Xk3hdbwuyok7T/3kNUgpg4nkABaD8vjMgln8RtxSUbFpReJFvTIKQubU41gai3cEdg==",
      "requires": {
        "blob-polyfill": "^4.0.20190430",
        "fetch-blob": "^1.0.5"
      }
    },
    "export-to-csv": {
      "version": "0.2.1",
      "resolved": "https://registry.npmjs.org/export-to-csv/-/export-to-csv-0.2.1.tgz",
      "integrity": "sha512-KTbrd3CAZ0cFceJEZr1e5uiMasabeCpXq1/5uvVxDl53o4jXJHnltasQoj2NkzrxD8hU9kdwjnMhoir/7nNx/A=="
    },
    "fetch-blob": {
      "version": "1.0.5",
      "resolved": "https://registry.npmjs.org/fetch-blob/-/fetch-blob-1.0.5.tgz",
      "integrity": "sha512-BIggzO037jmCrZmtgntzCD2ymEaWgw9OMJsfX7FOS1jXGqKW9FEhETJN8QK4KxzIJknRl3RQdyzz34of+NNTMQ=="
    },
    "fs": {
      "version": "0.0.1-security",
      "resolved": "https://registry.npmjs.org/fs/-/fs-0.0.1-security.tgz",
      "integrity": "sha1-invTcYa23d84E/I4WLV+yq9eQdQ="
    },
    "json2csv": {
      "version": "4.5.4",
      "resolved": "https://registry.npmjs.org/json2csv/-/json2csv-4.5.4.tgz",
      "integrity": "sha512-YxBhY4Lmn8IvVZ36nqg5omxneLy9JlorkqW1j/EDCeqvmi+CQ4uM+wsvXlcIqvGDewIPXMC/O/oF8DX9EH5aoA==",
      "requires": {
        "commander": "^2.15.1",
        "jsonparse": "^1.3.1",
        "lodash.get": "^4.4.2"
      }
    },
    "jsonparse": {
      "version": "1.3.1",
      "resolved": "https://registry.npmjs.org/jsonparse/-/jsonparse-1.3.1.tgz",
      "integrity": "sha1-P02uSpH6wxX3EGL4UhzCOfE2YoA="
    },
    "lodash.get": {
      "version": "4.4.2",
      "resolved": "https://registry.npmjs.org/lodash.get/-/lodash.get-4.4.2.tgz",
      "integrity": "sha1-LRd/ZS+jHpObRDjVNBSZ36OCXpk="
    }
  }
}
